
Microsoft Visual Studio Solution File, Format Version 12.00
# Visual Studio Version 17
VisualStudioVersion = 17.2.32616.157
MinimumVisualStudioVersion = 10.0.40219.1
Project("{FAE04EC0-301F-11D3-BF4B-00C04F79EFBC}") = "QuickBarcodes", "QuickBarcodes\QuickBarcodes.csproj", "{D8A4ACEE-AA89-4709-A8AD-3E234A876006}"
EndProject
Global
	GlobalSection(SolutionConfigurationPlatforms) = preSolution
		Debug|Any CPU = Debug|Any CPU
		Release|Any CPU = Release|Any CPU
	EndGlobalSection
	GlobalSection(ProjectConfigurationPlatforms) = postSolution
		{D8A4ACEE-AA89-4709-A8AD-3E234A876006}.Debug|Any CPU.ActiveCfg = Debug|Any CPU
		{D8A4ACEE-AA89-4709-A8AD-3E234A876006}.Debug|Any CPU.Build.0 = Debug|Any CPU
		{D8A4ACEE-AA89-4709-A8AD-3E234A876006}.Release|Any CPU.ActiveCfg = Release|Any CPU
		{D8A4ACEE-AA89-4709-A8AD-3E234A876006}.Release|Any CPU.Build.0 = Release|Any CPU
	EndGlobalSection
	GlobalSection(SolutionProperties) = preSolution
		HideSolutionNode = FALSE
	EndGlobalSection
	GlobalSection(ExtensibilityGlobals) = postSolution
		SolutionGuid = {E075BBD4-CBFF-47E3-B5C4-05D09E41D366}
	EndGlobalSection
EndGlobal
